
Microsoft Visual Studio Solution File, Format Version 12.00
# Visual Studio Version 17
VisualStudioVersion = 17.9.34728.123
MinimumVisualStudioVersion = 10.0.40219.1
Project("{FAE04EC0-301F-11D3-BF4B-00C04F79EFBC}") = "TestRailway", "TestRailway\TestRailway.csproj", "{391641D9-EF8C-4453-A6F4-AE807E71C28A}"
EndProject
Project("{2150E333-8FDC-42A3-9474-1A3956D46DE8}") = "Solution Items", "Solution Items", "{7ACE0849-063F-493C-BD84-6073ECFF2A1A}"
	ProjectSection(SolutionItems) = preProject
		railway.toml = railway.toml
	EndProjectSection
EndProject
Global
	GlobalSection(SolutionConfigurationPlatforms) = preSolution
		Debug|Any CPU = Debug|Any CPU
		Release|Any CPU = Release|Any CPU
	EndGlobalSection
	GlobalSection(ProjectConfigurationPlatforms) = postSolution
		{391641D9-EF8C-4453-A6F4-AE807E71C28A}.Debug|Any CPU.ActiveCfg = Debug|Any CPU
		{391641D9-EF8C-4453-A6F4-AE807E71C28A}.Debug|Any CPU.Build.0 = Debug|Any CPU
		{391641D9-EF8C-4453-A6F4-AE807E71C28A}.Release|Any CPU.ActiveCfg = Release|Any CPU
		{391641D9-EF8C-4453-A6F4-AE807E71C28A}.Release|Any CPU.Build.0 = Release|Any CPU
	EndGlobalSection
	GlobalSection(SolutionProperties) = preSolution
		HideSolutionNode = FALSE
	EndGlobalSection
	GlobalSection(ExtensibilityGlobals) = postSolution
		SolutionGuid = {E55BDBDB-F82E-43FD-8D1F-5C4AC2F4473C}
	EndGlobalSection
EndGlobal
